
Microsoft Visual Studio Solution File, Format Version 12.00
# Visual Studio Version 17
VisualStudioVersion = 17.0.31903.59
MinimumVisualStudioVersion = 10.0.40219.1
Project("{FAE04EC0-301F-11D3-BF4B-00C04F79EFBC}") = "SquareEquation.Tests", "SquareEquation.Tests\SquareEquation.Tests.csproj", "{AE25265D-486D-4469-873B-532C34E1AB30}"
EndProject
Project("{FAE04EC0-301F-11D3-BF4B-00C04F79EFBC}") = "SquareEquationLib", "SquareEquationLib\SquareEquationLib.csproj", "{A4ECFA3B-820D-4451-9D03-10970C2124ED}"
EndProject
Global
	GlobalSection(SolutionConfigurationPlatforms) = preSolution
		Debug|Any CPU = Debug|Any CPU
		Release|Any CPU = Release|Any CPU
	EndGlobalSection
	GlobalSection(SolutionProperties) = preSolution
		HideSolutionNode = FALSE
	EndGlobalSection
	GlobalSection(ProjectConfigurationPlatforms) = postSolution
		{AE25265D-486D-4469-873B-532C34E1AB30}.Debug|Any CPU.ActiveCfg = Debug|Any CPU
		{AE25265D-486D-4469-873B-532C34E1AB30}.Debug|Any CPU.Build.0 = Debug|Any CPU
		{AE25265D-486D-4469-873B-532C34E1AB30}.Release|Any CPU.ActiveCfg = Release|Any CPU
		{AE25265D-486D-4469-873B-532C34E1AB30}.Release|Any CPU.Build.0 = Release|Any CPU
		{A4ECFA3B-820D-4451-9D03-10970C2124ED}.Debug|Any CPU.ActiveCfg = Debug|Any CPU
		{A4ECFA3B-820D-4451-9D03-10970C2124ED}.Debug|Any CPU.Build.0 = Debug|Any CPU
		{A4ECFA3B-820D-4451-9D03-10970C2124ED}.Release|Any CPU.ActiveCfg = Release|Any CPU
		{A4ECFA3B-820D-4451-9D03-10970C2124ED}.Release|Any CPU.Build.0 = Release|Any CPU
	EndGlobalSection
EndGlobal
